{
  "name": "bg2e-js",
  "version": "2.0.0",
  "lockfileVersion": 2,
  "requires": true,
  "packages": {
    "": {
      "name": "bg2e-js",
      "version": "2.0.0",
      "license": "MIT",
      "dependencies": {
        "bg2io": "^1.0.7"
      }
    },
    "node_modules/bg2io": {
      "version": "1.0.7",
      "resolved": "https://registry.npmjs.org/bg2io/-/bg2io-1.0.7.tgz",
      "integrity": "sha512-W9f/CizZnX6nMHzOafqB2ChlZJkvRHqlGFCzyT4SHsDfCOhFVvkBATOG1MtjB0wvK9Jn9z4R1JBFKWHsTKIE9Q==",
      "license": "MIT"
    }
  },
  "dependencies": {
    "bg2io": {
      "version": "1.0.7",
      "resolved": "https://registry.npmjs.org/bg2io/-/bg2io-1.0.7.tgz",
      "integrity": "sha512-W9f/CizZnX6nMHzOafqB2ChlZJkvRHqlGFCzyT4SHsDfCOhFVvkBATOG1MtjB0wvK9Jn9z4R1JBFKWHsTKIE9Q=="
    }
  }
}
