{
  "name": "bg2e",
  "version": "1.0.0",
  "lockfileVersion": 2,
  "requires": true,
  "packages": {
    "": {
      "name": "bg2e",
      "version": "1.0.0",
      "license": "MIT",
      "dependencies": {
        "bg2io": "^1.0.0"
      }
    },
    "node_modules/bg2io": {
      "version": "1.0.0",
      "resolved": "https://registry.npmjs.org/bg2io/-/bg2io-1.0.0.tgz",
      "integrity": "sha512-sZ0rhy3/Ggrj5CC/+0wlwkmPaQOdiaDiPdtYw32ujkCQIqZJqiJVyP3cj4o6dnjoHbRZ27AQhRoIxUFQbD4eQQ=="
    }
  },
  "dependencies": {
    "bg2io": {
      "version": "1.0.0",
      "resolved": "https://registry.npmjs.org/bg2io/-/bg2io-1.0.0.tgz",
      "integrity": "sha512-sZ0rhy3/Ggrj5CC/+0wlwkmPaQOdiaDiPdtYw32ujkCQIqZJqiJVyP3cj4o6dnjoHbRZ27AQhRoIxUFQbD4eQQ=="
    }
  }
}
