{
    "name": "writer-example",
    "version": "1.0.0",
    "lockfileVersion": 2,
    "requires": true,
    "packages": {
        "": {
            "name": "writer-example",
            "version": "1.0.0",
            "license": "MIT",
            "dependencies": {
                "bg2e": "file:../../bg2e"
            }
        },
        "../../bg2e": {
            "version": "1.0.0",
            "license": "MIT",
            "dependencies": {
                "bg2io": "^1.0.0"
            }
        },
        "node_modules/bg2e": {
            "resolved": "../../bg2e",
            "link": true
        }
    },
    "dependencies": {
        "bg2e": {
            "version": "file:../../bg2e",
            "requires": {
                "bg2io": "^1.0.0"
            }
        }
    }
}
